
Microsoft Visual Studio Solution File, Format Version 12.00
# Visual Studio Version 17
VisualStudioVersion = 17.9.34728.123
MinimumVisualStudioVersion = 10.0.40219.1
Project("{FAE04EC0-301F-11D3-BF4B-00C04F79EFBC}") = "LifeTotalMaui", "LifeTotalMaui\LifeTotalMaui.csproj", "{D11FB3C1-AD8D-4D17-8756-B51352E691BA}"
EndProject
Project("{FAE04EC0-301F-11D3-BF4B-00C04F79EFBC}") = "LifeTotalAPI", "LifeTotalAPI\LifeTotalAPI.csproj", "{ACDCD6B7-2617-4B79-8938-2A89960FF127}"
EndProject
Global
	GlobalSection(SolutionConfigurationPlatforms) = preSolution
		Debug|Any CPU = Debug|Any CPU
		Release|Any CPU = Release|Any CPU
	EndGlobalSection
	GlobalSection(ProjectConfigurationPlatforms) = postSolution
		{D11FB3C1-AD8D-4D17-8756-B51352E691BA}.Debug|Any CPU.ActiveCfg = Debug|Any CPU
		{D11FB3C1-AD8D-4D17-8756-B51352E691BA}.Debug|Any CPU.Build.0 = Debug|Any CPU
		{D11FB3C1-AD8D-4D17-8756-B51352E691BA}.Debug|Any CPU.Deploy.0 = Debug|Any CPU
		{D11FB3C1-AD8D-4D17-8756-B51352E691BA}.Release|Any CPU.ActiveCfg = Release|Any CPU
		{D11FB3C1-AD8D-4D17-8756-B51352E691BA}.Release|Any CPU.Build.0 = Release|Any CPU
		{D11FB3C1-AD8D-4D17-8756-B51352E691BA}.Release|Any CPU.Deploy.0 = Release|Any CPU
		{ACDCD6B7-2617-4B79-8938-2A89960FF127}.Debug|Any CPU.ActiveCfg = Debug|Any CPU
		{ACDCD6B7-2617-4B79-8938-2A89960FF127}.Debug|Any CPU.Build.0 = Debug|Any CPU
		{ACDCD6B7-2617-4B79-8938-2A89960FF127}.Release|Any CPU.ActiveCfg = Release|Any CPU
		{ACDCD6B7-2617-4B79-8938-2A89960FF127}.Release|Any CPU.Build.0 = Release|Any CPU
	EndGlobalSection
	GlobalSection(SolutionProperties) = preSolution
		HideSolutionNode = FALSE
	EndGlobalSection
	GlobalSection(ExtensibilityGlobals) = postSolution
		SolutionGuid = {518BC398-1A3D-4A77-8AF5-C120CB71B77C}
	EndGlobalSection
EndGlobal
